
Microsoft Visual Studio Solution File, Format Version 12.00
# Visual Studio Version 16
VisualStudioVersion = 16.0.30907.101
MinimumVisualStudioVersion = 10.0.40219.1
Project("{9A19103F-16F7-4668-BE54-9A1E7A4F7556}") = "KampIntro", "KampIntro\KampIntro.csproj", "{7CFD0BB8-9178-4B0A-8049-05AA78695B71}"
EndProject
Project("{9A19103F-16F7-4668-BE54-9A1E7A4F7556}") = "Donguler", "Donguler\Donguler.csproj", "{068319DF-90D6-428E-BD81-9AB00C3707C6}"
EndProject
Project("{9A19103F-16F7-4668-BE54-9A1E7A4F7556}") = "ClassIntro", "ClassIntro\ClassIntro.csproj", "{967DE7D9-FFAE-48A5-ABBF-181CEEAF8AEF}"
EndProject
Project("{9A19103F-16F7-4668-BE54-9A1E7A4F7556}") = "Methods", "Methods\Methods.csproj", "{EBD5F3ED-D534-441C-AF77-71B9AB911704}"
EndProject
Project("{9A19103F-16F7-4668-BE54-9A1E7A4F7556}") = "Matematik", "Matematik\Matematik.csproj", "{8F8ED7AA-0E22-44BD-80BB-D7374775AB92}"
EndProject
Project("{9A19103F-16F7-4668-BE54-9A1E7A4F7556}") = "DegerVeReferansTipler", "DegerVeReferansTipler\DegerVeReferansTipler.csproj", "{5944AA18-8D71-4FE7-9911-2D7B37AC9453}"
EndProject
Project("{FAE04EC0-301F-11D3-BF4B-00C04F79EFBC}") = "ClassMethodDemo", "ClassMethodDemo\ClassMethodDemo.csproj", "{E902DA3F-057F-412F-9D31-EA13630D0B83}"
EndProject
Global
	GlobalSection(SolutionConfigurationPlatforms) = preSolution
		Debug|Any CPU = Debug|Any CPU
		Release|Any CPU = Release|Any CPU
	EndGlobalSection
	GlobalSection(ProjectConfigurationPlatforms) = postSolution
		{7CFD0BB8-9178-4B0A-8049-05AA78695B71}.Debug|Any CPU.ActiveCfg = Debug|Any CPU
		{7CFD0BB8-9178-4B0A-8049-05AA78695B71}.Debug|Any CPU.Build.0 = Debug|Any CPU
		{7CFD0BB8-9178-4B0A-8049-05AA78695B71}.Release|Any CPU.ActiveCfg = Release|Any CPU
		{7CFD0BB8-9178-4B0A-8049-05AA78695B71}.Release|Any CPU.Build.0 = Release|Any CPU
		{068319DF-90D6-428E-BD81-9AB00C3707C6}.Debug|Any CPU.ActiveCfg = Debug|Any CPU
		{068319DF-90D6-428E-BD81-9AB00C3707C6}.Debug|Any CPU.Build.0 = Debug|Any CPU
		{068319DF-90D6-428E-BD81-9AB00C3707C6}.Release|Any CPU.ActiveCfg = Release|Any CPU
		{068319DF-90D6-428E-BD81-9AB00C3707C6}.Release|Any CPU.Build.0 = Release|Any CPU
		{967DE7D9-FFAE-48A5-ABBF-181CEEAF8AEF}.Debug|Any CPU.ActiveCfg = Debug|Any CPU
		{967DE7D9-FFAE-48A5-ABBF-181CEEAF8AEF}.Debug|Any CPU.Build.0 = Debug|Any CPU
		{967DE7D9-FFAE-48A5-ABBF-181CEEAF8AEF}.Release|Any CPU.ActiveCfg = Release|Any CPU
		{967DE7D9-FFAE-48A5-ABBF-181CEEAF8AEF}.Release|Any CPU.Build.0 = Release|Any CPU
		{EBD5F3ED-D534-441C-AF77-71B9AB911704}.Debug|Any CPU.ActiveCfg = Debug|Any CPU
		{EBD5F3ED-D534-441C-AF77-71B9AB911704}.Debug|Any CPU.Build.0 = Debug|Any CPU
		{EBD5F3ED-D534-441C-AF77-71B9AB911704}.Release|Any CPU.ActiveCfg = Release|Any CPU
		{EBD5F3ED-D534-441C-AF77-71B9AB911704}.Release|Any CPU.Build.0 = Release|Any CPU
		{8F8ED7AA-0E22-44BD-80BB-D7374775AB92}.Debug|Any CPU.ActiveCfg = Debug|Any CPU
		{8F8ED7AA-0E22-44BD-80BB-D7374775AB92}.Debug|Any CPU.Build.0 = Debug|Any CPU
		{8F8ED7AA-0E22-44BD-80BB-D7374775AB92}.Release|Any CPU.ActiveCfg = Release|Any CPU
		{8F8ED7AA-0E22-44BD-80BB-D7374775AB92}.Release|Any CPU.Build.0 = Release|Any CPU
		{5944AA18-8D71-4FE7-9911-2D7B37AC9453}.Debug|Any CPU.ActiveCfg = Debug|Any CPU
		{5944AA18-8D71-4FE7-9911-2D7B37AC9453}.Debug|Any CPU.Build.0 = Debug|Any CPU
		{5944AA18-8D71-4FE7-9911-2D7B37AC9453}.Release|Any CPU.ActiveCfg = Release|Any CPU
		{5944AA18-8D71-4FE7-9911-2D7B37AC9453}.Release|Any CPU.Build.0 = Release|Any CPU
		{E902DA3F-057F-412F-9D31-EA13630D0B83}.Debug|Any CPU.ActiveCfg = Debug|Any CPU
		{E902DA3F-057F-412F-9D31-EA13630D0B83}.Debug|Any CPU.Build.0 = Debug|Any CPU
		{E902DA3F-057F-412F-9D31-EA13630D0B83}.Release|Any CPU.ActiveCfg = Release|Any CPU
		{E902DA3F-057F-412F-9D31-EA13630D0B83}.Release|Any CPU.Build.0 = Release|Any CPU
	EndGlobalSection
	GlobalSection(SolutionProperties) = preSolution
		HideSolutionNode = FALSE
	EndGlobalSection
	GlobalSection(ExtensibilityGlobals) = postSolution
		SolutionGuid = {1CE6DE4E-0F51-416D-AD41-302BFAB013E0}
	EndGlobalSection
EndGlobal
